
Microsoft Visual Studio Solution File, Format Version 12.00
# Visual Studio 2017
Project("{FAE04EC0-301F-11D3-BF4B-00C04F79EFBC}") = "HowToMakeAGame", "HowToMakeAGame.csproj", "{FAE9D4B9-55A6-B692-F904-0EF06F149106}"
EndProject
Global
	GlobalSection(SolutionConfigurationPlatforms) = preSolution
		Debug|Any CPU = Debug|Any CPU
		Release|Any CPU = Release|Any CPU
	EndGlobalSection
	GlobalSection(ProjectConfigurationPlatforms) = postSolution
		{FAE9D4B9-55A6-B692-F904-0EF06F149106}.Debug|Any CPU.ActiveCfg = Debug|Any CPU
		{FAE9D4B9-55A6-B692-F904-0EF06F149106}.Debug|Any CPU.Build.0 = Debug|Any CPU
		{FAE9D4B9-55A6-B692-F904-0EF06F149106}.Release|Any CPU.ActiveCfg = Release|Any CPU
		{FAE9D4B9-55A6-B692-F904-0EF06F149106}.Release|Any CPU.Build.0 = Release|Any CPU
	EndGlobalSection
	GlobalSection(SolutionProperties) = preSolution
		HideSolutionNode = FALSE
	EndGlobalSection
EndGlobal
